
Microsoft Visual Studio Solution File, Format Version 12.00
# Visual Studio Version 17
VisualStudioVersion = 17.0.32112.339
MinimumVisualStudioVersion = 10.0.40219.1
Project("{9A19103F-16F7-4668-BE54-9A1E7A4F7556}") = "WebApi", "WebApi\WebApi.csproj", "{670330A3-BF16-4D67-B65C-815C5B379E71}"
EndProject
Project("{9A19103F-16F7-4668-BE54-9A1E7A4F7556}") = "Data", "Data\Data.csproj", "{40662110-29E5-425A-BC38-CD11CC6EBBF6}"
EndProject
Project("{9A19103F-16F7-4668-BE54-9A1E7A4F7556}") = "Repository", "Repository\Repository.csproj", "{5E2E3EFB-F74E-4AA7-98ED-E5F2CCA269C4}"
EndProject
Project("{9A19103F-16F7-4668-BE54-9A1E7A4F7556}") = "Service", "Service\Service.csproj", "{986CD555-C8F2-47ED-9766-C28982AF488A}"
EndProject
Project("{9A19103F-16F7-4668-BE54-9A1E7A4F7556}") = "ViewModel", "ViewModel\ViewModel.csproj", "{15D101F9-4906-4CFF-B422-A13D0FF8CD80}"
EndProject
Global
	GlobalSection(SolutionConfigurationPlatforms) = preSolution
		Debug|Any CPU = Debug|Any CPU
		Release|Any CPU = Release|Any CPU
	EndGlobalSection
	GlobalSection(ProjectConfigurationPlatforms) = postSolution
		{670330A3-BF16-4D67-B65C-815C5B379E71}.Debug|Any CPU.ActiveCfg = Debug|Any CPU
		{670330A3-BF16-4D67-B65C-815C5B379E71}.Debug|Any CPU.Build.0 = Debug|Any CPU
		{670330A3-BF16-4D67-B65C-815C5B379E71}.Release|Any CPU.ActiveCfg = Release|Any CPU
		{670330A3-BF16-4D67-B65C-815C5B379E71}.Release|Any CPU.Build.0 = Release|Any CPU
		{40662110-29E5-425A-BC38-CD11CC6EBBF6}.Debug|Any CPU.ActiveCfg = Debug|Any CPU
		{40662110-29E5-425A-BC38-CD11CC6EBBF6}.Debug|Any CPU.Build.0 = Debug|Any CPU
		{40662110-29E5-425A-BC38-CD11CC6EBBF6}.Release|Any CPU.ActiveCfg = Release|Any CPU
		{40662110-29E5-425A-BC38-CD11CC6EBBF6}.Release|Any CPU.Build.0 = Release|Any CPU
		{5E2E3EFB-F74E-4AA7-98ED-E5F2CCA269C4}.Debug|Any CPU.ActiveCfg = Debug|Any CPU
		{5E2E3EFB-F74E-4AA7-98ED-E5F2CCA269C4}.Debug|Any CPU.Build.0 = Debug|Any CPU
		{5E2E3EFB-F74E-4AA7-98ED-E5F2CCA269C4}.Release|Any CPU.ActiveCfg = Release|Any CPU
		{5E2E3EFB-F74E-4AA7-98ED-E5F2CCA269C4}.Release|Any CPU.Build.0 = Release|Any CPU
		{986CD555-C8F2-47ED-9766-C28982AF488A}.Debug|Any CPU.ActiveCfg = Debug|Any CPU
		{986CD555-C8F2-47ED-9766-C28982AF488A}.Debug|Any CPU.Build.0 = Debug|Any CPU
		{986CD555-C8F2-47ED-9766-C28982AF488A}.Release|Any CPU.ActiveCfg = Release|Any CPU
		{986CD555-C8F2-47ED-9766-C28982AF488A}.Release|Any CPU.Build.0 = Release|Any CPU
		{15D101F9-4906-4CFF-B422-A13D0FF8CD80}.Debug|Any CPU.ActiveCfg = Debug|Any CPU
		{15D101F9-4906-4CFF-B422-A13D0FF8CD80}.Debug|Any CPU.Build.0 = Debug|Any CPU
		{15D101F9-4906-4CFF-B422-A13D0FF8CD80}.Release|Any CPU.ActiveCfg = Release|Any CPU
		{15D101F9-4906-4CFF-B422-A13D0FF8CD80}.Release|Any CPU.Build.0 = Release|Any CPU
	EndGlobalSection
	GlobalSection(SolutionProperties) = preSolution
		HideSolutionNode = FALSE
	EndGlobalSection
	GlobalSection(ExtensibilityGlobals) = postSolution
		SolutionGuid = {11B6B564-48D2-4D13-9D3A-F97FC824AF8D}
	EndGlobalSection
EndGlobal
